version = 1
revision = 3
requires-python = ">=3.6"

[[package]]
name = "junit-xml"
version = "1.9"
source = { registry = "https://pypi.org/simple" }
dependencies = [
    { name = "six" },
]
sdist = { url = "https://files.pythonhosted.org/packages/98/af/bc988c914dd1ea2bc7540ecc6a0265c2b6faccc6d9cdb82f20e2094a8229/junit-xml-1.9.tar.gz", hash = "sha256:de16a051990d4e25a3982b2dd9e89d671067548718866416faec14d9de56db9f", size = 7349, upload-time = "2023-01-24T18:42:00.836Z" }
wheels = [
    { url = "https://files.pythonhosted.org/packages/2a/93/2d896b5fd3d79b4cadd8882c06650e66d003f465c9d12c488d92853dff78/junit_xml-1.9-py2.py3-none-any.whl", hash = "sha256:ec5ca1a55aefdd76d28fcc0b135251d156c7106fa979686a4b48d62b761b4732", size = 7130, upload-time = "2020-02-22T20:41:37.661Z" },
]

[[package]]
name = "pitester"
version = "1.0.0"
source = { editable = "." }
dependencies = [
    { name = "junit-xml" },
]

[package.metadata]
requires-dist = [{ name = "junit-xml", specifier = ">=1.7" }]

[[package]]
name = "six"
version = "1.17.0"
source = { registry = "https://pypi.org/simple" }
sdist = { url = "https://files.pythonhosted.org/packages/94/e7/b2c673351809dca68a0e064b6af791aa332cf192da575fd474ed7d6f16a2/six-1.17.0.tar.gz", hash = "sha256:ff70335d468e7eb6ec65b95b99d3a2836546063f63acc5171de367e834932a81", size = 34031, upload-time = "2024-12-04T17:35:28.174Z" }
wheels = [
    { url = "https://files.pythonhosted.org/packages/b7/ce/149a00dd41f10bc29e5921b496af8b574d8413afcd5e30dfa0ed46c2cc5e/six-1.17.0-py2.py3-none-any.whl", hash = "sha256:4721f391ed90541fddacab5acf947aa0d3dc7d27b2e1e8eda2be8970586c3274", size = 11050, upload-time = "2024-12-04T17:35:26.475Z" },
]
